
Microsoft Visual Studio Solution File, Format Version 12.00
# Visual Studio Version 16
VisualStudioVersion = 16.0.31229.75
MinimumVisualStudioVersion = 10.0.40219.1
Project("{FAE04EC0-301F-11D3-BF4B-00C04F79EFBC}") = "MinimalNuberOutOfThree", "GeekBrains-CSharpBasics\MinimalNuberOutOfThree.csproj", "{245294FB-31AC-4D08-955F-604594C8520B}"
EndProject
Project("{2150E333-8FDC-42A3-9474-1A3956D46DE8}") = "Lesson002", "Lesson002", "{65BADCFA-B728-4CE3-863A-17B8194D9F41}"
EndProject
Project("{FAE04EC0-301F-11D3-BF4B-00C04F79EFBC}") = "NumberOfDigits", "NumberOfDigits\NumberOfDigits.csproj", "{2A9797A0-46FB-42B3-86D9-F0DC77586077}"
EndProject
Project("{FAE04EC0-301F-11D3-BF4B-00C04F79EFBC}") = "OddPositiveNumbersSum", "OddPositiveNumbersSum\OddPositiveNumbersSum.csproj", "{F6B67F66-E96A-45B9-9A8D-54CC5EABC002}"
EndProject
Project("{FAE04EC0-301F-11D3-BF4B-00C04F79EFBC}") = "Authentification", "Authentification\Authentification.csproj", "{CF635590-3320-4535-A21D-4609B2B4E043}"
EndProject
Project("{FAE04EC0-301F-11D3-BF4B-00C04F79EFBC}") = "SmartBMI", "SmartBMI\SmartBMI.csproj", "{D1578F13-DB13-4D78-9681-22936D9E65F8}"
EndProject
Project("{FAE04EC0-301F-11D3-BF4B-00C04F79EFBC}") = "RecursionAB", "RecursionAB\RecursionAB.csproj", "{B60E435D-9E1D-46DB-9773-8709BFCF871C}"
EndProject
Project("{FAE04EC0-301F-11D3-BF4B-00C04F79EFBC}") = "GoodNumbers", "GoodNumbers\GoodNumbers.csproj", "{A4B2A59A-77A3-46D6-BBBD-AA6624B12F6A}"
EndProject
Project("{2150E333-8FDC-42A3-9474-1A3956D46DE8}") = "Lesson003", "Lesson003", "{5A5451E7-5B25-4B32-AD76-24EB3340C558}"
EndProject
Project("{FAE04EC0-301F-11D3-BF4B-00C04F79EFBC}") = "Lesson003 Homework", "Lesson003 Homework\Lesson003 Homework.csproj", "{92AE7EC2-D86D-47C6-84A7-0F6176969FA5}"
EndProject
Project("{2150E333-8FDC-42A3-9474-1A3956D46DE8}") = "Lesson004", "Lesson004", "{9117D873-A5AF-4D38-A97F-94E45772DD79}"
EndProject
Project("{FAE04EC0-301F-11D3-BF4B-00C04F79EFBC}") = "Lesson004 Homework", "Lesson004 Homework\Lesson004 Homework.csproj", "{5EDA076D-5603-4135-BAE0-71ED562BE297}"
EndProject
Project("{FAE04EC0-301F-11D3-BF4B-00C04F79EFBC}") = "SmallestOfThree", "SmallestOfThree\SmallestOfThree.csproj", "{AB5214BD-EA9C-4379-AEA9-D026D750A2AB}"
EndProject
Project("{FAE04EC0-301F-11D3-BF4B-00C04F79EFBC}") = "MyArrayLib", "MyArrayLib\MyArrayLib.csproj", "{09C33577-C0FB-48D6-95D2-5B981D610056}"
EndProject
Project("{FAE04EC0-301F-11D3-BF4B-00C04F79EFBC}") = "Array2DLib", "Array2DLib\Array2DLib.csproj", "{BF10A24B-59EC-47F0-80B7-15B3A24E5828}"
EndProject
Project("{2150E333-8FDC-42A3-9474-1A3956D46DE8}") = "Lesson005", "Lesson005", "{7F6157D8-B828-41E2-BAFA-9ABCB21C4B27}"
EndProject
Project("{FAE04EC0-301F-11D3-BF4B-00C04F79EFBC}") = "Lesson005 Homework", "Lesson005 Homework\Lesson005 Homework.csproj", "{FB9E0F9C-42A1-4B03-A92C-32A2D7803F70}"
EndProject
Project("{FAE04EC0-301F-11D3-BF4B-00C04F79EFBC}") = "MessageLib", "Message\MessageLib.csproj", "{4547A2B5-0200-44EC-8AF1-CF56A7D8DA79}"
EndProject
Project("{FAE04EC0-301F-11D3-BF4B-00C04F79EFBC}") = "ExamResults", "ExamResults\ExamResults.csproj", "{59996D57-02D5-4463-8192-857A89917BA5}"
EndProject
Project("{2150E333-8FDC-42A3-9474-1A3956D46DE8}") = "Lesson006", "Lesson006", "{31E6AEFF-E9C4-429F-8FF4-726283D63565}"
EndProject
Project("{FAE04EC0-301F-11D3-BF4B-00C04F79EFBC}") = "Lesson006 Homework", "FunTable\Lesson006 Homework.csproj", "{D32C59DA-45E0-49E7-BB83-1C9A280D67D7}"
EndProject
Project("{2150E333-8FDC-42A3-9474-1A3956D46DE8}") = "Lesson007", "Lesson007", "{B44D0A9E-D27B-45A6-8CFF-DAAF07B8EDAF}"
EndProject
Project("{9A19103F-16F7-4668-BE54-9A1E7A4F7556}") = "NumbersGame", "NumbersGame\NumbersGame.csproj", "{6E35961D-AFBD-420D-BE8D-63C453B4226B}"
EndProject
Project("{9A19103F-16F7-4668-BE54-9A1E7A4F7556}") = "GuessingGame", "GuessingGame\GuessingGame.csproj", "{E8674242-BB08-4927-835D-3FDEB67AB0A2}"
EndProject
Project("{2150E333-8FDC-42A3-9474-1A3956D46DE8}") = "Lesson008", "Lesson008", "{0F1E72BC-AB55-4FC0-A28D-40F13A1722E5}"
EndProject
Project("{FAE04EC0-301F-11D3-BF4B-00C04F79EFBC}") = "DateTimeStruct", "DateTimeStruct\DateTimeStruct.csproj", "{35AF27DB-8BE5-4559-9F34-62631AD9CE43}"
EndProject
Project("{FAE04EC0-301F-11D3-BF4B-00C04F79EFBC}") = "UpsAndDowns", "UpsAndDowns\UpsAndDowns.csproj", "{789ADBA7-1F5F-4B56-A2C3-6773658663BF}"
EndProject
Global
	GlobalSection(SolutionConfigurationPlatforms) = preSolution
		Debug|Any CPU = Debug|Any CPU
		Release|Any CPU = Release|Any CPU
	EndGlobalSection
	GlobalSection(ProjectConfigurationPlatforms) = postSolution
		{245294FB-31AC-4D08-955F-604594C8520B}.Debug|Any CPU.ActiveCfg = Debug|Any CPU
		{245294FB-31AC-4D08-955F-604594C8520B}.Debug|Any CPU.Build.0 = Debug|Any CPU
		{245294FB-31AC-4D08-955F-604594C8520B}.Release|Any CPU.ActiveCfg = Release|Any CPU
		{245294FB-31AC-4D08-955F-604594C8520B}.Release|Any CPU.Build.0 = Release|Any CPU
		{2A9797A0-46FB-42B3-86D9-F0DC77586077}.Debug|Any CPU.ActiveCfg = Debug|Any CPU
		{2A9797A0-46FB-42B3-86D9-F0DC77586077}.Debug|Any CPU.Build.0 = Debug|Any CPU
		{2A9797A0-46FB-42B3-86D9-F0DC77586077}.Release|Any CPU.ActiveCfg = Release|Any CPU
		{2A9797A0-46FB-42B3-86D9-F0DC77586077}.Release|Any CPU.Build.0 = Release|Any CPU
		{F6B67F66-E96A-45B9-9A8D-54CC5EABC002}.Debug|Any CPU.ActiveCfg = Debug|Any CPU
		{F6B67F66-E96A-45B9-9A8D-54CC5EABC002}.Debug|Any CPU.Build.0 = Debug|Any CPU
		{F6B67F66-E96A-45B9-9A8D-54CC5EABC002}.Release|Any CPU.ActiveCfg = Release|Any CPU
		{F6B67F66-E96A-45B9-9A8D-54CC5EABC002}.Release|Any CPU.Build.0 = Release|Any CPU
		{CF635590-3320-4535-A21D-4609B2B4E043}.Debug|Any CPU.ActiveCfg = Debug|Any CPU
		{CF635590-3320-4535-A21D-4609B2B4E043}.Debug|Any CPU.Build.0 = Debug|Any CPU
		{CF635590-3320-4535-A21D-4609B2B4E043}.Release|Any CPU.ActiveCfg = Release|Any CPU
		{CF635590-3320-4535-A21D-4609B2B4E043}.Release|Any CPU.Build.0 = Release|Any CPU
		{D1578F13-DB13-4D78-9681-22936D9E65F8}.Debug|Any CPU.ActiveCfg = Debug|Any CPU
		{D1578F13-DB13-4D78-9681-22936D9E65F8}.Debug|Any CPU.Build.0 = Debug|Any CPU
		{D1578F13-DB13-4D78-9681-22936D9E65F8}.Release|Any CPU.ActiveCfg = Release|Any CPU
		{D1578F13-DB13-4D78-9681-22936D9E65F8}.Release|Any CPU.Build.0 = Release|Any CPU
		{B60E435D-9E1D-46DB-9773-8709BFCF871C}.Debug|Any CPU.ActiveCfg = Debug|Any CPU
		{B60E435D-9E1D-46DB-9773-8709BFCF871C}.Debug|Any CPU.Build.0 = Debug|Any CPU
		{B60E435D-9E1D-46DB-9773-8709BFCF871C}.Release|Any CPU.ActiveCfg = Release|Any CPU
		{B60E435D-9E1D-46DB-9773-8709BFCF871C}.Release|Any CPU.Build.0 = Release|Any CPU
		{A4B2A59A-77A3-46D6-BBBD-AA6624B12F6A}.Debug|Any CPU.ActiveCfg = Debug|Any CPU
		{A4B2A59A-77A3-46D6-BBBD-AA6624B12F6A}.Debug|Any CPU.Build.0 = Debug|Any CPU
		{A4B2A59A-77A3-46D6-BBBD-AA6624B12F6A}.Release|Any CPU.ActiveCfg = Release|Any CPU
		{A4B2A59A-77A3-46D6-BBBD-AA6624B12F6A}.Release|Any CPU.Build.0 = Release|Any CPU
		{92AE7EC2-D86D-47C6-84A7-0F6176969FA5}.Debug|Any CPU.ActiveCfg = Debug|Any CPU
		{92AE7EC2-D86D-47C6-84A7-0F6176969FA5}.Debug|Any CPU.Build.0 = Debug|Any CPU
		{92AE7EC2-D86D-47C6-84A7-0F6176969FA5}.Release|Any CPU.ActiveCfg = Release|Any CPU
		{92AE7EC2-D86D-47C6-84A7-0F6176969FA5}.Release|Any CPU.Build.0 = Release|Any CPU
		{5EDA076D-5603-4135-BAE0-71ED562BE297}.Debug|Any CPU.ActiveCfg = Debug|Any CPU
		{5EDA076D-5603-4135-BAE0-71ED562BE297}.Debug|Any CPU.Build.0 = Debug|Any CPU
		{5EDA076D-5603-4135-BAE0-71ED562BE297}.Release|Any CPU.ActiveCfg = Release|Any CPU
		{5EDA076D-5603-4135-BAE0-71ED562BE297}.Release|Any CPU.Build.0 = Release|Any CPU
		{AB5214BD-EA9C-4379-AEA9-D026D750A2AB}.Debug|Any CPU.ActiveCfg = Debug|Any CPU
		{AB5214BD-EA9C-4379-AEA9-D026D750A2AB}.Debug|Any CPU.Build.0 = Debug|Any CPU
		{AB5214BD-EA9C-4379-AEA9-D026D750A2AB}.Release|Any CPU.ActiveCfg = Release|Any CPU
		{AB5214BD-EA9C-4379-AEA9-D026D750A2AB}.Release|Any CPU.Build.0 = Release|Any CPU
		{09C33577-C0FB-48D6-95D2-5B981D610056}.Debug|Any CPU.ActiveCfg = Debug|Any CPU
		{09C33577-C0FB-48D6-95D2-5B981D610056}.Debug|Any CPU.Build.0 = Debug|Any CPU
		{09C33577-C0FB-48D6-95D2-5B981D610056}.Release|Any CPU.ActiveCfg = Release|Any CPU
		{09C33577-C0FB-48D6-95D2-5B981D610056}.Release|Any CPU.Build.0 = Release|Any CPU
		{BF10A24B-59EC-47F0-80B7-15B3A24E5828}.Debug|Any CPU.ActiveCfg = Debug|Any CPU
		{BF10A24B-59EC-47F0-80B7-15B3A24E5828}.Debug|Any CPU.Build.0 = Debug|Any CPU
		{BF10A24B-59EC-47F0-80B7-15B3A24E5828}.Release|Any CPU.ActiveCfg = Release|Any CPU
		{BF10A24B-59EC-47F0-80B7-15B3A24E5828}.Release|Any CPU.Build.0 = Release|Any CPU
		{FB9E0F9C-42A1-4B03-A92C-32A2D7803F70}.Debug|Any CPU.ActiveCfg = Debug|Any CPU
		{FB9E0F9C-42A1-4B03-A92C-32A2D7803F70}.Debug|Any CPU.Build.0 = Debug|Any CPU
		{FB9E0F9C-42A1-4B03-A92C-32A2D7803F70}.Release|Any CPU.ActiveCfg = Release|Any CPU
		{FB9E0F9C-42A1-4B03-A92C-32A2D7803F70}.Release|Any CPU.Build.0 = Release|Any CPU
		{4547A2B5-0200-44EC-8AF1-CF56A7D8DA79}.Debug|Any CPU.ActiveCfg = Debug|Any CPU
		{4547A2B5-0200-44EC-8AF1-CF56A7D8DA79}.Debug|Any CPU.Build.0 = Debug|Any CPU
		{4547A2B5-0200-44EC-8AF1-CF56A7D8DA79}.Release|Any CPU.ActiveCfg = Release|Any CPU
		{4547A2B5-0200-44EC-8AF1-CF56A7D8DA79}.Release|Any CPU.Build.0 = Release|Any CPU
		{59996D57-02D5-4463-8192-857A89917BA5}.Debug|Any CPU.ActiveCfg = Debug|Any CPU
		{59996D57-02D5-4463-8192-857A89917BA5}.Debug|Any CPU.Build.0 = Debug|Any CPU
		{59996D57-02D5-4463-8192-857A89917BA5}.Release|Any CPU.ActiveCfg = Release|Any CPU
		{59996D57-02D5-4463-8192-857A89917BA5}.Release|Any CPU.Build.0 = Release|Any CPU
		{D32C59DA-45E0-49E7-BB83-1C9A280D67D7}.Debug|Any CPU.ActiveCfg = Debug|Any CPU
		{D32C59DA-45E0-49E7-BB83-1C9A280D67D7}.Debug|Any CPU.Build.0 = Debug|Any CPU
		{D32C59DA-45E0-49E7-BB83-1C9A280D67D7}.Release|Any CPU.ActiveCfg = Release|Any CPU
		{D32C59DA-45E0-49E7-BB83-1C9A280D67D7}.Release|Any CPU.Build.0 = Release|Any CPU
		{6E35961D-AFBD-420D-BE8D-63C453B4226B}.Debug|Any CPU.ActiveCfg = Debug|Any CPU
		{6E35961D-AFBD-420D-BE8D-63C453B4226B}.Debug|Any CPU.Build.0 = Debug|Any CPU
		{6E35961D-AFBD-420D-BE8D-63C453B4226B}.Release|Any CPU.ActiveCfg = Release|Any CPU
		{6E35961D-AFBD-420D-BE8D-63C453B4226B}.Release|Any CPU.Build.0 = Release|Any CPU
		{E8674242-BB08-4927-835D-3FDEB67AB0A2}.Debug|Any CPU.ActiveCfg = Debug|Any CPU
		{E8674242-BB08-4927-835D-3FDEB67AB0A2}.Debug|Any CPU.Build.0 = Debug|Any CPU
		{E8674242-BB08-4927-835D-3FDEB67AB0A2}.Release|Any CPU.ActiveCfg = Release|Any CPU
		{E8674242-BB08-4927-835D-3FDEB67AB0A2}.Release|Any CPU.Build.0 = Release|Any CPU
		{35AF27DB-8BE5-4559-9F34-62631AD9CE43}.Debug|Any CPU.ActiveCfg = Debug|Any CPU
		{35AF27DB-8BE5-4559-9F34-62631AD9CE43}.Debug|Any CPU.Build.0 = Debug|Any CPU
		{35AF27DB-8BE5-4559-9F34-62631AD9CE43}.Release|Any CPU.ActiveCfg = Release|Any CPU
		{35AF27DB-8BE5-4559-9F34-62631AD9CE43}.Release|Any CPU.Build.0 = Release|Any CPU
		{789ADBA7-1F5F-4B56-A2C3-6773658663BF}.Debug|Any CPU.ActiveCfg = Debug|Any CPU
		{789ADBA7-1F5F-4B56-A2C3-6773658663BF}.Debug|Any CPU.Build.0 = Debug|Any CPU
		{789ADBA7-1F5F-4B56-A2C3-6773658663BF}.Release|Any CPU.ActiveCfg = Release|Any CPU
		{789ADBA7-1F5F-4B56-A2C3-6773658663BF}.Release|Any CPU.Build.0 = Release|Any CPU
	EndGlobalSection
	GlobalSection(SolutionProperties) = preSolution
		HideSolutionNode = FALSE
	EndGlobalSection
	GlobalSection(NestedProjects) = preSolution
		{245294FB-31AC-4D08-955F-604594C8520B} = {65BADCFA-B728-4CE3-863A-17B8194D9F41}
		{2A9797A0-46FB-42B3-86D9-F0DC77586077} = {65BADCFA-B728-4CE3-863A-17B8194D9F41}
		{F6B67F66-E96A-45B9-9A8D-54CC5EABC002} = {65BADCFA-B728-4CE3-863A-17B8194D9F41}
		{CF635590-3320-4535-A21D-4609B2B4E043} = {65BADCFA-B728-4CE3-863A-17B8194D9F41}
		{D1578F13-DB13-4D78-9681-22936D9E65F8} = {65BADCFA-B728-4CE3-863A-17B8194D9F41}
		{B60E435D-9E1D-46DB-9773-8709BFCF871C} = {65BADCFA-B728-4CE3-863A-17B8194D9F41}
		{A4B2A59A-77A3-46D6-BBBD-AA6624B12F6A} = {65BADCFA-B728-4CE3-863A-17B8194D9F41}
		{92AE7EC2-D86D-47C6-84A7-0F6176969FA5} = {5A5451E7-5B25-4B32-AD76-24EB3340C558}
		{5EDA076D-5603-4135-BAE0-71ED562BE297} = {9117D873-A5AF-4D38-A97F-94E45772DD79}
		{AB5214BD-EA9C-4379-AEA9-D026D750A2AB} = {65BADCFA-B728-4CE3-863A-17B8194D9F41}
		{09C33577-C0FB-48D6-95D2-5B981D610056} = {9117D873-A5AF-4D38-A97F-94E45772DD79}
		{BF10A24B-59EC-47F0-80B7-15B3A24E5828} = {9117D873-A5AF-4D38-A97F-94E45772DD79}
		{FB9E0F9C-42A1-4B03-A92C-32A2D7803F70} = {7F6157D8-B828-41E2-BAFA-9ABCB21C4B27}
		{4547A2B5-0200-44EC-8AF1-CF56A7D8DA79} = {7F6157D8-B828-41E2-BAFA-9ABCB21C4B27}
		{59996D57-02D5-4463-8192-857A89917BA5} = {7F6157D8-B828-41E2-BAFA-9ABCB21C4B27}
		{D32C59DA-45E0-49E7-BB83-1C9A280D67D7} = {31E6AEFF-E9C4-429F-8FF4-726283D63565}
		{6E35961D-AFBD-420D-BE8D-63C453B4226B} = {B44D0A9E-D27B-45A6-8CFF-DAAF07B8EDAF}
		{E8674242-BB08-4927-835D-3FDEB67AB0A2} = {B44D0A9E-D27B-45A6-8CFF-DAAF07B8EDAF}
		{35AF27DB-8BE5-4559-9F34-62631AD9CE43} = {0F1E72BC-AB55-4FC0-A28D-40F13A1722E5}
		{789ADBA7-1F5F-4B56-A2C3-6773658663BF} = {0F1E72BC-AB55-4FC0-A28D-40F13A1722E5}
	EndGlobalSection
	GlobalSection(ExtensibilityGlobals) = postSolution
		SolutionGuid = {4B619613-353D-41B0-9CB3-FF08828CA435}
	EndGlobalSection
EndGlobal
